// !$*UTF8*$!
{
	archiveVersion = 1;
	classes = {
	};
	objectVersion = 50;
	objects = {

/* Begin PBXBuildFile section */
		7308113D252459BB0077FCB2 /* BubbleSort.swift in Sources */ = {isa = PBXBuildFile; fileRef = 7308113C252459BB0077FCB2 /* BubbleSort.swift */; };
		731A1DD8254AB29700431BD2 /* MaximumSubarrayProblemSolver.swift in Sources */ = {isa = PBXBuildFile; fileRef = 731A1DD7254AB29700431BD2 /* MaximumSubarrayProblemSolver.swift */; };
		731A1DDA254AB4F300431BD2 /* BruteForceMaximumSubarrayProblemSolver.swift in Sources */ = {isa = PBXBuildFile; fileRef = 731A1DD9254AB4F300431BD2 /* BruteForceMaximumSubarrayProblemSolver.swift */; };
		732AD0E7257A3967000180DB /* CubicTimeSquareMatrixMultiplicationAlgorithm.swift in Sources */ = {isa = PBXBuildFile; fileRef = 732AD0E6257A3967000180DB /* CubicTimeSquareMatrixMultiplicationAlgorithm.swift */; };
		732AD0E9257A3E7F000180DB /* SquareMatrixMultiplicationAlgorithmTests.swift in Sources */ = {isa = PBXBuildFile; fileRef = 732AD0E8257A3E7F000180DB /* SquareMatrixMultiplicationAlgorithmTests.swift */; };
		735593962567BFA400B6019F /* SquareMatrixMultiplicationAlgorithm.swift in Sources */ = {isa = PBXBuildFile; fileRef = 735593952567BFA300B6019F /* SquareMatrixMultiplicationAlgorithm.swift */; };
		735593982567C1FA00B6019F /* SquareMatrix.swift in Sources */ = {isa = PBXBuildFile; fileRef = 735593972567C1FA00B6019F /* SquareMatrix.swift */; };
		7393610B24F6485700231592 /* InsertionSort.swift in Sources */ = {isa = PBXBuildFile; fileRef = 7393610A24F6485700231592 /* InsertionSort.swift */; };
		7393611D24F65A9500231592 /* libAlgorithms.a in Frameworks */ = {isa = PBXBuildFile; fileRef = 7393610724F6485700231592 /* libAlgorithms.a */; };
		739E07C7251B3AFA004C05BD /* SearchAlgorithm.swift in Sources */ = {isa = PBXBuildFile; fileRef = 739E07C6251B3AFA004C05BD /* SearchAlgorithm.swift */; };
		739E07C9251B3B9D004C05BD /* SearchTests.swift in Sources */ = {isa = PBXBuildFile; fileRef = 739E07C8251B3B9D004C05BD /* SearchTests.swift */; };
		739E07CD251C7B4D004C05BD /* BinarySearch.swift in Sources */ = {isa = PBXBuildFile; fileRef = 739E07CC251C7B4D004C05BD /* BinarySearch.swift */; };
		739E080025231B0A004C05BD /* MiscellaneousAlgorithms.swift in Sources */ = {isa = PBXBuildFile; fileRef = 739E07FF25231B0A004C05BD /* MiscellaneousAlgorithms.swift */; };
		739E080225231E64004C05BD /* MiscellaneousTests.swift in Sources */ = {isa = PBXBuildFile; fileRef = 739E080125231E64004C05BD /* MiscellaneousTests.swift */; };
		73A22ABB2519CBBF00551DC0 /* MergeSort.swift in Sources */ = {isa = PBXBuildFile; fileRef = 73A22ABA2519CBBF00551DC0 /* MergeSort.swift */; };
		73A22ABD2519D98100551DC0 /* SortingTests.swift in Sources */ = {isa = PBXBuildFile; fileRef = 73A22ABC2519D98100551DC0 /* SortingTests.swift */; };
		73A22AC02519E5C800551DC0 /* Numbers.swift in Sources */ = {isa = PBXBuildFile; fileRef = 73A22ABF2519E5C800551DC0 /* Numbers.swift */; };
		73A22AC22519E95D00551DC0 /* SortingAlgorithm.swift in Sources */ = {isa = PBXBuildFile; fileRef = 73A22AC12519E95D00551DC0 /* SortingAlgorithm.swift */; };
		73A22AC4251B385600551DC0 /* LinearSearch.swift in Sources */ = {isa = PBXBuildFile; fileRef = 73A22AC3251B385600551DC0 /* LinearSearch.swift */; };
		73C7B73724F79D5B00EE5275 /* SelectionSort.swift in Sources */ = {isa = PBXBuildFile; fileRef = 73C7B73624F79D5B00EE5275 /* SelectionSort.swift */; };
		73DA2025255E777200EC8CEB /* DivideAndConquerMaximumSubarrayProblemSolver.swift in Sources */ = {isa = PBXBuildFile; fileRef = 73DA2024255E777200EC8CEB /* DivideAndConquerMaximumSubarrayProblemSolver.swift */; };
		73DA202725651B2700EC8CEB /* LinearTimeMaximumSubarrayProblemSolver.swift in Sources */ = {isa = PBXBuildFile; fileRef = 73DA202625651B2700EC8CEB /* LinearTimeMaximumSubarrayProblemSolver.swift */; };
		73F06CA2254AB6BE00C7B5AA /* MaximumSubarrayProblemSolverTests.swift in Sources */ = {isa = PBXBuildFile; fileRef = 73F06CA1254AB6BE00C7B5AA /* MaximumSubarrayProblemSolverTests.swift */; };
/* End PBXBuildFile section */

/* Begin PBXContainerItemProxy section */
		7393611E24F65A9500231592 /* PBXContainerItemProxy */ = {
			isa = PBXContainerItemProxy;
			containerPortal = 739360FF24F6485700231592 /* Project object */;
			proxyType = 1;
			remoteGlobalIDString = 7393610624F6485700231592;
			remoteInfo = Algorithms;
		};
/* End PBXContainerItemProxy section */

/* Begin PBXCopyFilesBuildPhase section */
		7393610524F6485700231592 /* CopyFiles */ = {
			isa = PBXCopyFilesBuildPhase;
			buildActionMask = 2147483647;
			dstPath = "include/$(PRODUCT_NAME)";
			dstSubfolderSpec = 16;
			files = (
			);
			runOnlyForDeploymentPostprocessing = 0;
		};
/* End PBXCopyFilesBuildPhase section */

/* Begin PBXFileReference section */
		7308113C252459BB0077FCB2 /* BubbleSort.swift */ = {isa = PBXFileReference; lastKnownFileType = sourcecode.swift; path = BubbleSort.swift; sourceTree = "<group>"; };
		731A1DD7254AB29700431BD2 /* MaximumSubarrayProblemSolver.swift */ = {isa = PBXFileReference; lastKnownFileType = sourcecode.swift; path = MaximumSubarrayProblemSolver.swift; sourceTree = "<group>"; };
		731A1DD9254AB4F300431BD2 /* BruteForceMaximumSubarrayProblemSolver.swift */ = {isa = PBXFileReference; lastKnownFileType = sourcecode.swift; path = BruteForceMaximumSubarrayProblemSolver.swift; sourceTree = "<group>"; };
		732AD0E6257A3967000180DB /* CubicTimeSquareMatrixMultiplicationAlgorithm.swift */ = {isa = PBXFileReference; lastKnownFileType = sourcecode.swift; path = CubicTimeSquareMatrixMultiplicationAlgorithm.swift; sourceTree = "<group>"; };
		732AD0E8257A3E7F000180DB /* SquareMatrixMultiplicationAlgorithmTests.swift */ = {isa = PBXFileReference; lastKnownFileType = sourcecode.swift; path = SquareMatrixMultiplicationAlgorithmTests.swift; sourceTree = "<group>"; };
		735593952567BFA300B6019F /* SquareMatrixMultiplicationAlgorithm.swift */ = {isa = PBXFileReference; lastKnownFileType = sourcecode.swift; path = SquareMatrixMultiplicationAlgorithm.swift; sourceTree = "<group>"; };
		735593972567C1FA00B6019F /* SquareMatrix.swift */ = {isa = PBXFileReference; lastKnownFileType = sourcecode.swift; path = SquareMatrix.swift; sourceTree = "<group>"; };
		7393610724F6485700231592 /* libAlgorithms.a */ = {isa = PBXFileReference; explicitFileType = archive.ar; includeInIndex = 0; path = libAlgorithms.a; sourceTree = BUILT_PRODUCTS_DIR; };
		7393610A24F6485700231592 /* InsertionSort.swift */ = {isa = PBXFileReference; lastKnownFileType = sourcecode.swift; path = InsertionSort.swift; sourceTree = "<group>"; };
		7393611824F65A9500231592 /* AlgorithmsTests.xctest */ = {isa = PBXFileReference; explicitFileType = wrapper.cfbundle; includeInIndex = 0; path = AlgorithmsTests.xctest; sourceTree = BUILT_PRODUCTS_DIR; };
		7393611C24F65A9500231592 /* Info.plist */ = {isa = PBXFileReference; lastKnownFileType = text.plist.xml; path = Info.plist; sourceTree = "<group>"; };
		739E07C6251B3AFA004C05BD /* SearchAlgorithm.swift */ = {isa = PBXFileReference; lastKnownFileType = sourcecode.swift; path = SearchAlgorithm.swift; sourceTree = "<group>"; };
		739E07C8251B3B9D004C05BD /* SearchTests.swift */ = {isa = PBXFileReference; lastKnownFileType = sourcecode.swift; path = SearchTests.swift; sourceTree = "<group>"; };
		739E07CC251C7B4D004C05BD /* BinarySearch.swift */ = {isa = PBXFileReference; lastKnownFileType = sourcecode.swift; path = BinarySearch.swift; sourceTree = "<group>"; };
		739E07FF25231B0A004C05BD /* MiscellaneousAlgorithms.swift */ = {isa = PBXFileReference; lastKnownFileType = sourcecode.swift; path = MiscellaneousAlgorithms.swift; sourceTree = "<group>"; };
		739E080125231E64004C05BD /* MiscellaneousTests.swift */ = {isa = PBXFileReference; lastKnownFileType = sourcecode.swift; path = MiscellaneousTests.swift; sourceTree = "<group>"; };
		73A22ABA2519CBBF00551DC0 /* MergeSort.swift */ = {isa = PBXFileReference; lastKnownFileType = sourcecode.swift; path = MergeSort.swift; sourceTree = "<group>"; };
		73A22ABC2519D98100551DC0 /* SortingTests.swift */ = {isa = PBXFileReference; lastKnownFileType = sourcecode.swift; path = SortingTests.swift; sourceTree = "<group>"; };
		73A22ABF2519E5C800551DC0 /* Numbers.swift */ = {isa = PBXFileReference; lastKnownFileType = sourcecode.swift; path = Numbers.swift; sourceTree = "<group>"; };
		73A22AC12519E95D00551DC0 /* SortingAlgorithm.swift */ = {isa = PBXFileReference; lastKnownFileType = sourcecode.swift; path = SortingAlgorithm.swift; sourceTree = "<group>"; };
		73A22AC3251B385600551DC0 /* LinearSearch.swift */ = {isa = PBXFileReference; lastKnownFileType = sourcecode.swift; path = LinearSearch.swift; sourceTree = "<group>"; };
		73C7B73624F79D5B00EE5275 /* SelectionSort.swift */ = {isa = PBXFileReference; lastKnownFileType = sourcecode.swift; path = SelectionSort.swift; sourceTree = "<group>"; };
		73DA2024255E777200EC8CEB /* DivideAndConquerMaximumSubarrayProblemSolver.swift */ = {isa = PBXFileReference; lastKnownFileType = sourcecode.swift; path = DivideAndConquerMaximumSubarrayProblemSolver.swift; sourceTree = "<group>"; };
		73DA202625651B2700EC8CEB /* LinearTimeMaximumSubarrayProblemSolver.swift */ = {isa = PBXFileReference; lastKnownFileType = sourcecode.swift; path = LinearTimeMaximumSubarrayProblemSolver.swift; sourceTree = "<group>"; };
		73F06CA1254AB6BE00C7B5AA /* MaximumSubarrayProblemSolverTests.swift */ = {isa = PBXFileReference; lastKnownFileType = sourcecode.swift; path = MaximumSubarrayProblemSolverTests.swift; sourceTree = "<group>"; };
/* End PBXFileReference section */

/* Begin PBXFrameworksBuildPhase section */
		7393610424F6485700231592 /* Frameworks */ = {
			isa = PBXFrameworksBuildPhase;
			buildActionMask = 2147483647;
			files = (
			);
			runOnlyForDeploymentPostprocessing = 0;
		};
		7393611524F65A9500231592 /* Frameworks */ = {
			isa = PBXFrameworksBuildPhase;
			buildActionMask = 2147483647;
			files = (
				7393611D24F65A9500231592 /* libAlgorithms.a in Frameworks */,
			);
			runOnlyForDeploymentPostprocessing = 0;
		};
/* End PBXFrameworksBuildPhase section */

/* Begin PBXGroup section */
		731A1DD6254AB21B00431BD2 /* Maximum Subarray Problem */ = {
			isa = PBXGroup;
			children = (
				731A1DD7254AB29700431BD2 /* MaximumSubarrayProblemSolver.swift */,
				731A1DD9254AB4F300431BD2 /* BruteForceMaximumSubarrayProblemSolver.swift */,
				73DA2024255E777200EC8CEB /* DivideAndConquerMaximumSubarrayProblemSolver.swift */,
				73DA202625651B2700EC8CEB /* LinearTimeMaximumSubarrayProblemSolver.swift */,
			);
			path = "Maximum Subarray Problem";
			sourceTree = "<group>";
		};
		735593942567BF5E00B6019F /* Matrix */ = {
			isa = PBXGroup;
			children = (
				735593972567C1FA00B6019F /* SquareMatrix.swift */,
				735593952567BFA300B6019F /* SquareMatrixMultiplicationAlgorithm.swift */,
				732AD0E6257A3967000180DB /* CubicTimeSquareMatrixMultiplicationAlgorithm.swift */,
			);
			path = Matrix;
			sourceTree = "<group>";
		};
		739360FE24F6485600231592 = {
			isa = PBXGroup;
			children = (
				7393610924F6485700231592 /* Algorithms */,
				7393611924F65A9500231592 /* AlgorithmsTests */,
				7393610824F6485700231592 /* Products */,
			);
			sourceTree = "<group>";
		};
		7393610824F6485700231592 /* Products */ = {
			isa = PBXGroup;
			children = (
				7393610724F6485700231592 /* libAlgorithms.a */,
				7393611824F65A9500231592 /* AlgorithmsTests.xctest */,
			);
			name = Products;
			sourceTree = "<group>";
		};
		7393610924F6485700231592 /* Algorithms */ = {
			isa = PBXGroup;
			children = (
				7393611124F6489400231592 /* Foundations */,
			);
			path = Algorithms;
			sourceTree = "<group>";
		};
		7393611124F6489400231592 /* Foundations */ = {
			isa = PBXGroup;
			children = (
				73A22AC6251B386500551DC0 /* Search */,
				73A22AC5251B385A00551DC0 /* Sorting */,
				735593942567BF5E00B6019F /* Matrix */,
				731A1DD6254AB21B00431BD2 /* Maximum Subarray Problem */,
				739E07FE25231A8D004C05BD /* Miscellaneous */,
			);
			path = Foundations;
			sourceTree = "<group>";
		};
		7393611924F65A9500231592 /* AlgorithmsTests */ = {
			isa = PBXGroup;
			children = (
				73A22ABE2519E5BB00551DC0 /* Helpers */,
				7393612324F65AA400231592 /* Foundations */,
				7393611C24F65A9500231592 /* Info.plist */,
			);
			path = AlgorithmsTests;
			sourceTree = "<group>";
		};
		7393612324F65AA400231592 /* Foundations */ = {
			isa = PBXGroup;
			children = (
				739E07C8251B3B9D004C05BD /* SearchTests.swift */,
				73A22ABC2519D98100551DC0 /* SortingTests.swift */,
				73F06CA1254AB6BE00C7B5AA /* MaximumSubarrayProblemSolverTests.swift */,
				739E080125231E64004C05BD /* MiscellaneousTests.swift */,
				732AD0E8257A3E7F000180DB /* SquareMatrixMultiplicationAlgorithmTests.swift */,
			);
			path = Foundations;
			sourceTree = "<group>";
		};
		739E07FE25231A8D004C05BD /* Miscellaneous */ = {
			isa = PBXGroup;
			children = (
				739E07FF25231B0A004C05BD /* MiscellaneousAlgorithms.swift */,
			);
			path = Miscellaneous;
			sourceTree = "<group>";
		};
		73A22ABE2519E5BB00551DC0 /* Helpers */ = {
			isa = PBXGroup;
			children = (
				73A22ABF2519E5C800551DC0 /* Numbers.swift */,
			);
			path = Helpers;
			sourceTree = "<group>";
		};
		73A22AC5251B385A00551DC0 /* Sorting */ = {
			isa = PBXGroup;
			children = (
				73A22AC12519E95D00551DC0 /* SortingAlgorithm.swift */,
				7393610A24F6485700231592 /* InsertionSort.swift */,
				73C7B73624F79D5B00EE5275 /* SelectionSort.swift */,
				73A22ABA2519CBBF00551DC0 /* MergeSort.swift */,
				7308113C252459BB0077FCB2 /* BubbleSort.swift */,
			);
			path = Sorting;
			sourceTree = "<group>";
		};
		73A22AC6251B386500551DC0 /* Search */ = {
			isa = PBXGroup;
			children = (
				739E07C6251B3AFA004C05BD /* SearchAlgorithm.swift */,
				73A22AC3251B385600551DC0 /* LinearSearch.swift */,
				739E07CC251C7B4D004C05BD /* BinarySearch.swift */,
			);
			path = Search;
			sourceTree = "<group>";
		};
/* End PBXGroup section */

/* Begin PBXNativeTarget section */
		7393610624F6485700231592 /* Algorithms */ = {
			isa = PBXNativeTarget;
			buildConfigurationList = 7393610E24F6485700231592 /* Build configuration list for PBXNativeTarget "Algorithms" */;
			buildPhases = (
				7393610324F6485700231592 /* Sources */,
				7393610424F6485700231592 /* Frameworks */,
				7393610524F6485700231592 /* CopyFiles */,
			);
			buildRules = (
			);
			dependencies = (
			);
			name = Algorithms;
			productName = Algorithms;
			productReference = 7393610724F6485700231592 /* libAlgorithms.a */;
			productType = "com.apple.product-type.library.static";
		};
		7393611724F65A9500231592 /* AlgorithmsTests */ = {
			isa = PBXNativeTarget;
			buildConfigurationList = 7393612224F65A9500231592 /* Build configuration list for PBXNativeTarget "AlgorithmsTests" */;
			buildPhases = (
				7393611424F65A9500231592 /* Sources */,
				7393611524F65A9500231592 /* Frameworks */,
				7393611624F65A9500231592 /* Resources */,
			);
			buildRules = (
			);
			dependencies = (
				7393611F24F65A9500231592 /* PBXTargetDependency */,
			);
			name = AlgorithmsTests;
			productName = AlgorithmsTests;
			productReference = 7393611824F65A9500231592 /* AlgorithmsTests.xctest */;
			productType = "com.apple.product-type.bundle.unit-test";
		};
/* End PBXNativeTarget section */

/* Begin PBXProject section */
		739360FF24F6485700231592 /* Project object */ = {
			isa = PBXProject;
			attributes = {
				LastSwiftUpdateCheck = 1110;
				LastUpgradeCheck = 1110;
				ORGANIZATIONNAME = "Alex Machado";
				TargetAttributes = {
					7393610624F6485700231592 = {
						CreatedOnToolsVersion = 11.1;
					};
					7393611724F65A9500231592 = {
						CreatedOnToolsVersion = 11.1;
					};
				};
			};
			buildConfigurationList = 7393610224F6485700231592 /* Build configuration list for PBXProject "Algorithms" */;
			compatibilityVersion = "Xcode 9.3";
			developmentRegion = en;
			hasScannedForEncodings = 0;
			knownRegions = (
				en,
				Base,
			);
			mainGroup = 739360FE24F6485600231592;
			productRefGroup = 7393610824F6485700231592 /* Products */;
			projectDirPath = "";
			projectRoot = "";
			targets = (
				7393610624F6485700231592 /* Algorithms */,
				7393611724F65A9500231592 /* AlgorithmsTests */,
			);
		};
/* End PBXProject section */

/* Begin PBXResourcesBuildPhase section */
		7393611624F65A9500231592 /* Resources */ = {
			isa = PBXResourcesBuildPhase;
			buildActionMask = 2147483647;
			files = (
			);
			runOnlyForDeploymentPostprocessing = 0;
		};
/* End PBXResourcesBuildPhase section */

/* Begin PBXSourcesBuildPhase section */
		7393610324F6485700231592 /* Sources */ = {
			isa = PBXSourcesBuildPhase;
			buildActionMask = 2147483647;
			files = (
				73A22ABB2519CBBF00551DC0 /* MergeSort.swift in Sources */,
				73DA2025255E777200EC8CEB /* DivideAndConquerMaximumSubarrayProblemSolver.swift in Sources */,
				739E07C7251B3AFA004C05BD /* SearchAlgorithm.swift in Sources */,
				73C7B73724F79D5B00EE5275 /* SelectionSort.swift in Sources */,
				731A1DDA254AB4F300431BD2 /* BruteForceMaximumSubarrayProblemSolver.swift in Sources */,
				73A22AC4251B385600551DC0 /* LinearSearch.swift in Sources */,
				739E07CD251C7B4D004C05BD /* BinarySearch.swift in Sources */,
				739E080025231B0A004C05BD /* MiscellaneousAlgorithms.swift in Sources */,
				73DA202725651B2700EC8CEB /* LinearTimeMaximumSubarrayProblemSolver.swift in Sources */,
				73A22AC22519E95D00551DC0 /* SortingAlgorithm.swift in Sources */,
				735593962567BFA400B6019F /* SquareMatrixMultiplicationAlgorithm.swift in Sources */,
				735593982567C1FA00B6019F /* SquareMatrix.swift in Sources */,
				7393610B24F6485700231592 /* InsertionSort.swift in Sources */,
				732AD0E7257A3967000180DB /* CubicTimeSquareMatrixMultiplicationAlgorithm.swift in Sources */,
				7308113D252459BB0077FCB2 /* BubbleSort.swift in Sources */,
				731A1DD8254AB29700431BD2 /* MaximumSubarrayProblemSolver.swift in Sources */,
			);
			runOnlyForDeploymentPostprocessing = 0;
		};
		7393611424F65A9500231592 /* Sources */ = {
			isa = PBXSourcesBuildPhase;
			buildActionMask = 2147483647;
			files = (
				739E07C9251B3B9D004C05BD /* SearchTests.swift in Sources */,
				73A22AC02519E5C800551DC0 /* Numbers.swift in Sources */,
				73F06CA2254AB6BE00C7B5AA /* MaximumSubarrayProblemSolverTests.swift in Sources */,
				732AD0E9257A3E7F000180DB /* SquareMatrixMultiplicationAlgorithmTests.swift in Sources */,
				739E080225231E64004C05BD /* MiscellaneousTests.swift in Sources */,
				73A22ABD2519D98100551DC0 /* SortingTests.swift in Sources */,
			);
			runOnlyForDeploymentPostprocessing = 0;
		};
/* End PBXSourcesBuildPhase section */

/* Begin PBXTargetDependency section */
		7393611F24F65A9500231592 /* PBXTargetDependency */ = {
			isa = PBXTargetDependency;
			target = 7393610624F6485700231592 /* Algorithms */;
			targetProxy = 7393611E24F65A9500231592 /* PBXContainerItemProxy */;
		};
/* End PBXTargetDependency section */

/* Begin XCBuildConfiguration section */
		7393610C24F6485700231592 /* Debug */ = {
			isa = XCBuildConfiguration;
			buildSettings = {
				ALWAYS_SEARCH_USER_PATHS = NO;
				CLANG_ANALYZER_NONNULL = YES;
				CLANG_ANALYZER_NUMBER_OBJECT_CONVERSION = YES_AGGRESSIVE;
				CLANG_CXX_LANGUAGE_STANDARD = "gnu++14";
				CLANG_CXX_LIBRARY = "libc++";
				CLANG_ENABLE_MODULES = YES;
				CLANG_ENABLE_OBJC_ARC = YES;
				CLANG_ENABLE_OBJC_WEAK = YES;
				CLANG_WARN_BLOCK_CAPTURE_AUTORELEASING = YES;
				CLANG_WARN_BOOL_CONVERSION = YES;
				CLANG_WARN_COMMA = YES;
				CLANG_WARN_CONSTANT_CONVERSION = YES;
				CLANG_WARN_DEPRECATED_OBJC_IMPLEMENTATIONS = YES;
				CLANG_WARN_DIRECT_OBJC_ISA_USAGE = YES_ERROR;
				CLANG_WARN_DOCUMENTATION_COMMENTS = YES;
				CLANG_WARN_EMPTY_BODY = YES;
				CLANG_WARN_ENUM_CONVERSION = YES;
				CLANG_WARN_INFINITE_RECURSION = YES;
				CLANG_WARN_INT_CONVERSION = YES;
				CLANG_WARN_NON_LITERAL_NULL_CONVERSION = YES;
				CLANG_WARN_OBJC_IMPLICIT_RETAIN_SELF = YES;
				CLANG_WARN_OBJC_LITERAL_CONVERSION = YES;
				CLANG_WARN_OBJC_ROOT_CLASS = YES_ERROR;
				CLANG_WARN_RANGE_LOOP_ANALYSIS = YES;
				CLANG_WARN_STRICT_PROTOTYPES = YES;
				CLANG_WARN_SUSPICIOUS_MOVE = YES;
				CLANG_WARN_UNGUARDED_AVAILABILITY = YES_AGGRESSIVE;
				CLANG_WARN_UNREACHABLE_CODE = YES;
				CLANG_WARN__DUPLICATE_METHOD_MATCH = YES;
				COPY_PHASE_STRIP = NO;
				DEBUG_INFORMATION_FORMAT = dwarf;
				ENABLE_STRICT_OBJC_MSGSEND = YES;
				ENABLE_TESTABILITY = YES;
				GCC_C_LANGUAGE_STANDARD = gnu11;
				GCC_DYNAMIC_NO_PIC = NO;
				GCC_NO_COMMON_BLOCKS = YES;
				GCC_OPTIMIZATION_LEVEL = 0;
				GCC_PREPROCESSOR_DEFINITIONS = (
					"DEBUG=1",
					"$(inherited)",
				);
				GCC_WARN_64_TO_32_BIT_CONVERSION = YES;
				GCC_WARN_ABOUT_RETURN_TYPE = YES_ERROR;
				GCC_WARN_UNDECLARED_SELECTOR = YES;
				GCC_WARN_UNINITIALIZED_AUTOS = YES_AGGRESSIVE;
				GCC_WARN_UNUSED_FUNCTION = YES;
				GCC_WARN_UNUSED_VARIABLE = YES;
				IPHONEOS_DEPLOYMENT_TARGET = 13.1;
				MTL_ENABLE_DEBUG_INFO = INCLUDE_SOURCE;
				MTL_FAST_MATH = YES;
				ONLY_ACTIVE_ARCH = YES;
				SDKROOT = iphoneos;
				SWIFT_ACTIVE_COMPILATION_CONDITIONS = DEBUG;
				SWIFT_OPTIMIZATION_LEVEL = "-Onone";
			};
			name = Debug;
		};
		7393610D24F6485700231592 /* Release */ = {
			isa = XCBuildConfiguration;
			buildSettings = {
				ALWAYS_SEARCH_USER_PATHS = NO;
				CLANG_ANALYZER_NONNULL = YES;
				CLANG_ANALYZER_NUMBER_OBJECT_CONVERSION = YES_AGGRESSIVE;
				CLANG_CXX_LANGUAGE_STANDARD = "gnu++14";
				CLANG_CXX_LIBRARY = "libc++";
				CLANG_ENABLE_MODULES = YES;
				CLANG_ENABLE_OBJC_ARC = YES;
				CLANG_ENABLE_OBJC_WEAK = YES;
				CLANG_WARN_BLOCK_CAPTURE_AUTORELEASING = YES;
				CLANG_WARN_BOOL_CONVERSION = YES;
				CLANG_WARN_COMMA = YES;
				CLANG_WARN_CONSTANT_CONVERSION = YES;
				CLANG_WARN_DEPRECATED_OBJC_IMPLEMENTATIONS = YES;
				CLANG_WARN_DIRECT_OBJC_ISA_USAGE = YES_ERROR;
				CLANG_WARN_DOCUMENTATION_COMMENTS = YES;
				CLANG_WARN_EMPTY_BODY = YES;
				CLANG_WARN_ENUM_CONVERSION = YES;
				CLANG_WARN_INFINITE_RECURSION = YES;
				CLANG_WARN_INT_CONVERSION = YES;
				CLANG_WARN_NON_LITERAL_NULL_CONVERSION = YES;
				CLANG_WARN_OBJC_IMPLICIT_RETAIN_SELF = YES;
				CLANG_WARN_OBJC_LITERAL_CONVERSION = YES;
				CLANG_WARN_OBJC_ROOT_CLASS = YES_ERROR;
				CLANG_WARN_RANGE_LOOP_ANALYSIS = YES;
				CLANG_WARN_STRICT_PROTOTYPES = YES;
				CLANG_WARN_SUSPICIOUS_MOVE = YES;
				CLANG_WARN_UNGUARDED_AVAILABILITY = YES_AGGRESSIVE;
				CLANG_WARN_UNREACHABLE_CODE = YES;
				CLANG_WARN__DUPLICATE_METHOD_MATCH = YES;
				COPY_PHASE_STRIP = NO;
				DEBUG_INFORMATION_FORMAT = "dwarf-with-dsym";
				ENABLE_NS_ASSERTIONS = NO;
				ENABLE_STRICT_OBJC_MSGSEND = YES;
				GCC_C_LANGUAGE_STANDARD = gnu11;
				GCC_NO_COMMON_BLOCKS = YES;
				GCC_WARN_64_TO_32_BIT_CONVERSION = YES;
				GCC_WARN_ABOUT_RETURN_TYPE = YES_ERROR;
				GCC_WARN_UNDECLARED_SELECTOR = YES;
				GCC_WARN_UNINITIALIZED_AUTOS = YES_AGGRESSIVE;
				GCC_WARN_UNUSED_FUNCTION = YES;
				GCC_WARN_UNUSED_VARIABLE = YES;
				IPHONEOS_DEPLOYMENT_TARGET = 13.1;
				MTL_ENABLE_DEBUG_INFO = NO;
				MTL_FAST_MATH = YES;
				SDKROOT = iphoneos;
				SWIFT_COMPILATION_MODE = wholemodule;
				SWIFT_OPTIMIZATION_LEVEL = "-O";
				VALIDATE_PRODUCT = YES;
			};
			name = Release;
		};
		7393610F24F6485700231592 /* Debug */ = {
			isa = XCBuildConfiguration;
			buildSettings = {
				CODE_SIGN_STYLE = Automatic;
				DEVELOPMENT_TEAM = 26K93J9358;
				OTHER_LDFLAGS = "-ObjC";
				PRODUCT_NAME = "$(TARGET_NAME)";
				SKIP_INSTALL = YES;
				SWIFT_VERSION = 5.0;
				TARGETED_DEVICE_FAMILY = "1,2";
			};
			name = Debug;
		};
		7393611024F6485700231592 /* Release */ = {
			isa = XCBuildConfiguration;
			buildSettings = {
				CODE_SIGN_STYLE = Automatic;
				DEVELOPMENT_TEAM = 26K93J9358;
				OTHER_LDFLAGS = "-ObjC";
				PRODUCT_NAME = "$(TARGET_NAME)";
				SKIP_INSTALL = YES;
				SWIFT_VERSION = 5.0;
				TARGETED_DEVICE_FAMILY = "1,2";
			};
			name = Release;
		};
		7393612024F65A9500231592 /* Debug */ = {
			isa = XCBuildConfiguration;
			buildSettings = {
				CODE_SIGN_STYLE = Automatic;
				DEVELOPMENT_TEAM = 26K93J9358;
				INFOPLIST_FILE = AlgorithmsTests/Info.plist;
				LD_RUNPATH_SEARCH_PATHS = (
					"$(inherited)",
					"@executable_path/Frameworks",
					"@loader_path/Frameworks",
				);
				PRODUCT_BUNDLE_IDENTIFIER = com.alexdemagalhaes.AlgorithmsTests;
				PRODUCT_NAME = "$(TARGET_NAME)";
				SWIFT_VERSION = 5.0;
				TARGETED_DEVICE_FAMILY = "1,2";
			};
			name = Debug;
		};
		7393612124F65A9500231592 /* Release */ = {
			isa = XCBuildConfiguration;
			buildSettings = {
				CODE_SIGN_STYLE = Automatic;
				DEVELOPMENT_TEAM = 26K93J9358;
				INFOPLIST_FILE = AlgorithmsTests/Info.plist;
				LD_RUNPATH_SEARCH_PATHS = (
					"$(inherited)",
					"@executable_path/Frameworks",
					"@loader_path/Frameworks",
				);
				PRODUCT_BUNDLE_IDENTIFIER = com.alexdemagalhaes.AlgorithmsTests;
				PRODUCT_NAME = "$(TARGET_NAME)";
				SWIFT_VERSION = 5.0;
				TARGETED_DEVICE_FAMILY = "1,2";
			};
			name = Release;
		};
/* End XCBuildConfiguration section */

/* Begin XCConfigurationList section */
		7393610224F6485700231592 /* Build configuration list for PBXProject "Algorithms" */ = {
			isa = XCConfigurationList;
			buildConfigurations = (
				7393610C24F6485700231592 /* Debug */,
				7393610D24F6485700231592 /* Release */,
			);
			defaultConfigurationIsVisible = 0;
			defaultConfigurationName = Release;
		};
		7393610E24F6485700231592 /* Build configuration list for PBXNativeTarget "Algorithms" */ = {
			isa = XCConfigurationList;
			buildConfigurations = (
				7393610F24F6485700231592 /* Debug */,
				7393611024F6485700231592 /* Release */,
			);
			defaultConfigurationIsVisible = 0;
			defaultConfigurationName = Release;
		};
		7393612224F65A9500231592 /* Build configuration list for PBXNativeTarget "AlgorithmsTests" */ = {
			isa = XCConfigurationList;
			buildConfigurations = (
				7393612024F65A9500231592 /* Debug */,
				7393612124F65A9500231592 /* Release */,
			);
			defaultConfigurationIsVisible = 0;
			defaultConfigurationName = Release;
		};
/* End XCConfigurationList section */
	};
	rootObject = 739360FF24F6485700231592 /* Project object */;
}
